// !$*UTF8*$!
{
	archiveVersion = 1;
	classes = {
	};
	objectVersion = 46;
	objects = {

/* Begin PBXBuildFile section */
		7D44484C1CA658D60030933F /* ND_Service.h in CopyFiles */ = {isa = PBXBuildFile; fileRef = 7D44484B1CA658D60030933F /* ND_Service.h */; };
		7D44484E1CA658D60030933F /* ND_Service.m in Sources */ = {isa = PBXBuildFile; fileRef = 7D44484D1CA658D60030933F /* ND_Service.m */; };
/* End PBXBuildFile section */

/* Begin PBXCopyFilesBuildPhase section */
		7D4448461CA658D60030933F /* CopyFiles */ = {
			isa = PBXCopyFilesBuildPhase;
			buildActionMask = 2147483647;
			dstPath = "include/$(PRODUCT_NAME)";
			dstSubfolderSpec = 16;
			files = (
				7D44484C1CA658D60030933F /* ND_Service.h in CopyFiles */,
			);
			runOnlyForDeploymentPostprocessing = 0;
		};
/* End PBXCopyFilesBuildPhase section */

/* Begin PBXFileReference section */
		7D4448481CA658D60030933F /* libND_Service.a */ = {isa = PBXFileReference; explicitFileType = archive.ar; includeInIndex = 0; path = libND_Service.a; sourceTree = BUILT_PRODUCTS_DIR; };
		7D44484B1CA658D60030933F /* ND_Service.h */ = {isa = PBXFileReference; lastKnownFileType = sourcecode.c.h; path = ND_Service.h; sourceTree = "<group>"; };
		7D44484D1CA658D60030933F /* ND_Service.m */ = {isa = PBXFileReference; lastKnownFileType = sourcecode.c.objc; path = ND_Service.m; sourceTree = "<group>"; };
/* End PBXFileReference section */

/* Begin PBXFrameworksBuildPhase section */
		7D4448451CA658D60030933F /* Frameworks */ = {
			isa = PBXFrameworksBuildPhase;
			buildActionMask = 2147483647;
			files = (
			);
			runOnlyForDeploymentPostprocessing = 0;
		};
/* End PBXFrameworksBuildPhase section */

/* Begin PBXGroup section */
		7D44483F1CA658D60030933F = {
			isa = PBXGroup;
			children = (
				7D44484A1CA658D60030933F /* ND_Service */,
				7D4448491CA658D60030933F /* Products */,
			);
			sourceTree = "<group>";
		};
		7D4448491CA658D60030933F /* Products */ = {
			isa = PBXGroup;
			children = (
				7D4448481CA658D60030933F /* libND_Service.a */,
			);
			name = Products;
			sourceTree = "<group>";
		};
		7D44484A1CA658D60030933F /* ND_Service */ = {
			isa = PBXGroup;
			children = (
				7D44484B1CA658D60030933F /* ND_Service.h */,
				7D44484D1CA658D60030933F /* ND_Service.m */,
			);
			path = ND_Service;
			sourceTree = "<group>";
		};
/* End PBXGroup section */

/* Begin PBXNativeTarget section */
		7D4448471CA658D60030933F /* ND_Service */ = {
			isa = PBXNativeTarget;
			buildConfigurationList = 7D4448511CA658D60030933F /* Build configuration list for PBXNativeTarget "ND_Service" */;
			buildPhases = (
				7D4448441CA658D60030933F /* Sources */,
				7D4448451CA658D60030933F /* Frameworks */,
				7D4448461CA658D60030933F /* CopyFiles */,
			);
			buildRules = (
			);
			dependencies = (
			);
			name = ND_Service;
			productName = ND_Service;
			productReference = 7D4448481CA658D60030933F /* libND_Service.a */;
			productType = "com.apple.product-type.library.static";
		};
/* End PBXNativeTarget section */

/* Begin PBXProject section */
		7D4448401CA658D60030933F /* Project object */ = {
			isa = PBXProject;
			attributes = {
				LastUpgradeCheck = 0730;
				ORGANIZATIONNAME = NDEducation;
				TargetAttributes = {
					7D4448471CA658D60030933F = {
						CreatedOnToolsVersion = 7.3;
					};
				};
			};
			buildConfigurationList = 7D4448431CA658D60030933F /* Build configuration list for PBXProject "ND_Service" */;
			compatibilityVersion = "Xcode 3.2";
			developmentRegion = English;
			hasScannedForEncodings = 0;
			knownRegions = (
				en,
			);
			mainGroup = 7D44483F1CA658D60030933F;
			productRefGroup = 7D4448491CA658D60030933F /* Products */;
			projectDirPath = "";
			projectRoot = "";
			targets = (
				7D4448471CA658D60030933F /* ND_Service */,
			);
		};
/* End PBXProject section */

/* Begin PBXSourcesBuildPhase section */
		7D4448441CA658D60030933F /* Sources */ = {
			isa = PBXSourcesBuildPhase;
			buildActionMask = 2147483647;
			files = (
				7D44484E1CA658D60030933F /* ND_Service.m in Sources */,
			);
			runOnlyForDeploymentPostprocessing = 0;
		};
/* End PBXSourcesBuildPhase section */

/* Begin XCBuildConfiguration section */
		7D44484F1CA658D60030933F /* Debug */ = {
			isa = XCBuildConfiguration;
			buildSettings = {
				ALWAYS_SEARCH_USER_PATHS = NO;
				CLANG_ANALYZER_NONNULL = YES;
				CLANG_CXX_LANGUAGE_STANDARD = "gnu++0x";
				CLANG_CXX_LIBRARY = "libc++";
				CLANG_ENABLE_MODULES = YES;
				CLANG_ENABLE_OBJC_ARC = YES;
				CLANG_WARN_BOOL_CONVERSION = YES;
				CLANG_WARN_CONSTANT_CONVERSION = YES;
				CLANG_WARN_DIRECT_OBJC_ISA_USAGE = YES_ERROR;
				CLANG_WARN_EMPTY_BODY = YES;
				CLANG_WARN_ENUM_CONVERSION = YES;
				CLANG_WARN_INT_CONVERSION = YES;
				CLANG_WARN_OBJC_ROOT_CLASS = YES_ERROR;
				CLANG_WARN_UNREACHABLE_CODE = YES;
				CLANG_WARN__DUPLICATE_METHOD_MATCH = YES;
				"CODE_SIGN_IDENTITY[sdk=iphoneos*]" = "iPhone Developer";
				COPY_PHASE_STRIP = NO;
				DEBUG_INFORMATION_FORMAT = dwarf;
				ENABLE_STRICT_OBJC_MSGSEND = YES;
				ENABLE_TESTABILITY = YES;
				GCC_C_LANGUAGE_STANDARD = gnu99;
				GCC_DYNAMIC_NO_PIC = NO;
				GCC_NO_COMMON_BLOCKS = YES;
				GCC_OPTIMIZATION_LEVEL = 0;
				GCC_PREPROCESSOR_DEFINITIONS = (
					"DEBUG=1",
					"$(inherited)",
				);
				GCC_WARN_64_TO_32_BIT_CONVERSION = YES;
				GCC_WARN_ABOUT_RETURN_TYPE = YES_ERROR;
				GCC_WARN_UNDECLARED_SELECTOR = YES;
				GCC_WARN_UNINITIALIZED_AUTOS = YES_AGGRESSIVE;
				GCC_WARN_UNUSED_FUNCTION = YES;
				GCC_WARN_UNUSED_VARIABLE = YES;
				IPHONEOS_DEPLOYMENT_TARGET = 9.3;
				MTL_ENABLE_DEBUG_INFO = YES;
				ONLY_ACTIVE_ARCH = YES;
				SDKROOT = iphoneos;
			};
			name = Debug;
		};
		7D4448501CA658D60030933F /* Release */ = {
			isa = XCBuildConfiguration;
			buildSettings = {
				ALWAYS_SEARCH_USER_PATHS = NO;
				CLANG_ANALYZER_NONNULL = YES;
				CLANG_CXX_LANGUAGE_STANDARD = "gnu++0x";
				CLANG_CXX_LIBRARY = "libc++";
				CLANG_ENABLE_MODULES = YES;
				CLANG_ENABLE_OBJC_ARC = YES;
				CLANG_WARN_BOOL_CONVERSION = YES;
				CLANG_WARN_CONSTANT_CONVERSION = YES;
				CLANG_WARN_DIRECT_OBJC_ISA_USAGE = YES_ERROR;
				CLANG_WARN_EMPTY_BODY = YES;
				CLANG_WARN_ENUM_CONVERSION = YES;
				CLANG_WARN_INT_CONVERSION = YES;
				CLANG_WARN_OBJC_ROOT_CLASS = YES_ERROR;
				CLANG_WARN_UNREACHABLE_CODE = YES;
				CLANG_WARN__DUPLICATE_METHOD_MATCH = YES;
				"CODE_SIGN_IDENTITY[sdk=iphoneos*]" = "iPhone Developer";
				COPY_PHASE_STRIP = NO;
				DEBUG_INFORMATION_FORMAT = "dwarf-with-dsym";
				ENABLE_NS_ASSERTIONS = NO;
				ENABLE_STRICT_OBJC_MSGSEND = YES;
				GCC_C_LANGUAGE_STANDARD = gnu99;
				GCC_NO_COMMON_BLOCKS = YES;
				GCC_WARN_64_TO_32_BIT_CONVERSION = YES;
				GCC_WARN_ABOUT_RETURN_TYPE = YES_ERROR;
				GCC_WARN_UNDECLARED_SELECTOR = YES;
				GCC_WARN_UNINITIALIZED_AUTOS = YES_AGGRESSIVE;
				GCC_WARN_UNUSED_FUNCTION = YES;
				GCC_WARN_UNUSED_VARIABLE = YES;
				IPHONEOS_DEPLOYMENT_TARGET = 9.3;
				MTL_ENABLE_DEBUG_INFO = NO;
				SDKROOT = iphoneos;
				VALIDATE_PRODUCT = YES;
			};
			name = Release;
		};
		7D4448521CA658D60030933F /* Debug */ = {
			isa = XCBuildConfiguration;
			buildSettings = {
				OTHER_LDFLAGS = "-ObjC";
				PRODUCT_NAME = "$(TARGET_NAME)";
				SKIP_INSTALL = YES;
			};
			name = Debug;
		};
		7D4448531CA658D60030933F /* Release */ = {
			isa = XCBuildConfiguration;
			buildSettings = {
				OTHER_LDFLAGS = "-ObjC";
				PRODUCT_NAME = "$(TARGET_NAME)";
				SKIP_INSTALL = YES;
			};
			name = Release;
		};
/* End XCBuildConfiguration section */

/* Begin XCConfigurationList section */
		7D4448431CA658D60030933F /* Build configuration list for PBXProject "ND_Service" */ = {
			isa = XCConfigurationList;
			buildConfigurations = (
				7D44484F1CA658D60030933F /* Debug */,
				7D4448501CA658D60030933F /* Release */,
			);
			defaultConfigurationIsVisible = 0;
			defaultConfigurationName = Release;
		};
		7D4448511CA658D60030933F /* Build configuration list for PBXNativeTarget "ND_Service" */ = {
			isa = XCConfigurationList;
			buildConfigurations = (
				7D4448521CA658D60030933F /* Debug */,
				7D4448531CA658D60030933F /* Release */,
			);
			defaultConfigurationIsVisible = 0;
		};
/* End XCConfigurationList section */
	};
	rootObject = 7D4448401CA658D60030933F /* Project object */;
}
