// !$*UTF8*$!
{
	archiveVersion = 1;
	classes = {
	};
	objectVersion = 46;
	objects = {

/* Begin PBXBuildFile section */
		7D44488E1CA665470030933F /* NDModel.m in Sources */ = {isa = PBXBuildFile; fileRef = 7D4448791CA665470030933F /* NDModel.m */; };
		7D44488F1CA665470030933F /* NSArray+ND.m in Sources */ = {isa = PBXBuildFile; fileRef = 7D44487D1CA665470030933F /* NSArray+ND.m */; };
		7D4448901CA665470030933F /* NSData+ND.m in Sources */ = {isa = PBXBuildFile; fileRef = 7D44487F1CA665470030933F /* NSData+ND.m */; };
		7D4448911CA665470030933F /* NSDate+ND.m in Sources */ = {isa = PBXBuildFile; fileRef = 7D4448811CA665470030933F /* NSDate+ND.m */; };
		7D4448921CA665470030933F /* NSDictionary+ND.m in Sources */ = {isa = PBXBuildFile; fileRef = 7D4448831CA665470030933F /* NSDictionary+ND.m */; };
		7D4448931CA665470030933F /* NSFileManager+ND.m in Sources */ = {isa = PBXBuildFile; fileRef = 7D4448851CA665470030933F /* NSFileManager+ND.m */; };
		7D4448941CA665470030933F /* NSMutableArray+ND.m in Sources */ = {isa = PBXBuildFile; fileRef = 7D4448871CA665470030933F /* NSMutableArray+ND.m */; };
		7D4448951CA665470030933F /* NSMutableDictionary+ND.m in Sources */ = {isa = PBXBuildFile; fileRef = 7D4448891CA665470030933F /* NSMutableDictionary+ND.m */; };
		7D4448961CA665470030933F /* NSString+ND.m in Sources */ = {isa = PBXBuildFile; fileRef = 7D44488B1CA665470030933F /* NSString+ND.m */; };
		7D4448971CA665470030933F /* NSTimer+ND.m in Sources */ = {isa = PBXBuildFile; fileRef = 7D44488D1CA665470030933F /* NSTimer+ND.m */; };
		7D705FD81CA68427008CF0C5 /* NDFeatureSet.m in Sources */ = {isa = PBXBuildFile; fileRef = 7D705FD71CA68427008CF0C5 /* NDFeatureSet.m */; };
		7D705FDE1CA6886E008CF0C5 /* NDBaseRequest.m in Sources */ = {isa = PBXBuildFile; fileRef = 7D705FDD1CA6886E008CF0C5 /* NDBaseRequest.m */; };
		7D705FE01CA696F2008CF0C5 /* NDService.m in Sources */ = {isa = PBXBuildFile; fileRef = 7D705FDF1CA696F2008CF0C5 /* NDService.m */; };
/* End PBXBuildFile section */

/* Begin PBXCopyFilesBuildPhase section */
		7D4448461CA658D60030933F /* CopyFiles */ = {
			isa = PBXCopyFilesBuildPhase;
			buildActionMask = 2147483647;
			dstPath = "include/$(PRODUCT_NAME)";
			dstSubfolderSpec = 16;
			files = (
			);
			runOnlyForDeploymentPostprocessing = 0;
		};
/* End PBXCopyFilesBuildPhase section */

/* Begin PBXFileReference section */
		7D4448481CA658D60030933F /* libND_Service.a */ = {isa = PBXFileReference; explicitFileType = archive.ar; includeInIndex = 0; path = libND_Service.a; sourceTree = BUILT_PRODUCTS_DIR; };
		7D4448751CA665470030933F /* NDModel.h */ = {isa = PBXFileReference; fileEncoding = 4; lastKnownFileType = sourcecode.c.h; path = NDModel.h; sourceTree = "<group>"; };
		7D4448791CA665470030933F /* NDModel.m */ = {isa = PBXFileReference; fileEncoding = 4; lastKnownFileType = sourcecode.c.objc; path = NDModel.m; sourceTree = "<group>"; };
		7D44487C1CA665470030933F /* NSArray+ND.h */ = {isa = PBXFileReference; fileEncoding = 4; lastKnownFileType = sourcecode.c.h; path = "NSArray+ND.h"; sourceTree = "<group>"; };
		7D44487D1CA665470030933F /* NSArray+ND.m */ = {isa = PBXFileReference; fileEncoding = 4; lastKnownFileType = sourcecode.c.objc; path = "NSArray+ND.m"; sourceTree = "<group>"; };
		7D44487E1CA665470030933F /* NSData+ND.h */ = {isa = PBXFileReference; fileEncoding = 4; lastKnownFileType = sourcecode.c.h; path = "NSData+ND.h"; sourceTree = "<group>"; };
		7D44487F1CA665470030933F /* NSData+ND.m */ = {isa = PBXFileReference; fileEncoding = 4; lastKnownFileType = sourcecode.c.objc; path = "NSData+ND.m"; sourceTree = "<group>"; };
		7D4448801CA665470030933F /* NSDate+ND.h */ = {isa = PBXFileReference; fileEncoding = 4; lastKnownFileType = sourcecode.c.h; path = "NSDate+ND.h"; sourceTree = "<group>"; };
		7D4448811CA665470030933F /* NSDate+ND.m */ = {isa = PBXFileReference; fileEncoding = 4; lastKnownFileType = sourcecode.c.objc; path = "NSDate+ND.m"; sourceTree = "<group>"; };
		7D4448821CA665470030933F /* NSDictionary+ND.h */ = {isa = PBXFileReference; fileEncoding = 4; lastKnownFileType = sourcecode.c.h; path = "NSDictionary+ND.h"; sourceTree = "<group>"; };
		7D4448831CA665470030933F /* NSDictionary+ND.m */ = {isa = PBXFileReference; fileEncoding = 4; lastKnownFileType = sourcecode.c.objc; path = "NSDictionary+ND.m"; sourceTree = "<group>"; };
		7D4448841CA665470030933F /* NSFileManager+ND.h */ = {isa = PBXFileReference; fileEncoding = 4; lastKnownFileType = sourcecode.c.h; path = "NSFileManager+ND.h"; sourceTree = "<group>"; };
		7D4448851CA665470030933F /* NSFileManager+ND.m */ = {isa = PBXFileReference; fileEncoding = 4; lastKnownFileType = sourcecode.c.objc; path = "NSFileManager+ND.m"; sourceTree = "<group>"; };
		7D4448861CA665470030933F /* NSMutableArray+ND.h */ = {isa = PBXFileReference; fileEncoding = 4; lastKnownFileType = sourcecode.c.h; path = "NSMutableArray+ND.h"; sourceTree = "<group>"; };
		7D4448871CA665470030933F /* NSMutableArray+ND.m */ = {isa = PBXFileReference; fileEncoding = 4; lastKnownFileType = sourcecode.c.objc; path = "NSMutableArray+ND.m"; sourceTree = "<group>"; };
		7D4448881CA665470030933F /* NSMutableDictionary+ND.h */ = {isa = PBXFileReference; fileEncoding = 4; lastKnownFileType = sourcecode.c.h; path = "NSMutableDictionary+ND.h"; sourceTree = "<group>"; };
		7D4448891CA665470030933F /* NSMutableDictionary+ND.m */ = {isa = PBXFileReference; fileEncoding = 4; lastKnownFileType = sourcecode.c.objc; path = "NSMutableDictionary+ND.m"; sourceTree = "<group>"; };
		7D44488A1CA665470030933F /* NSString+ND.h */ = {isa = PBXFileReference; fileEncoding = 4; lastKnownFileType = sourcecode.c.h; path = "NSString+ND.h"; sourceTree = "<group>"; };
		7D44488B1CA665470030933F /* NSString+ND.m */ = {isa = PBXFileReference; fileEncoding = 4; lastKnownFileType = sourcecode.c.objc; path = "NSString+ND.m"; sourceTree = "<group>"; };
		7D44488C1CA665470030933F /* NSTimer+ND.h */ = {isa = PBXFileReference; fileEncoding = 4; lastKnownFileType = sourcecode.c.h; path = "NSTimer+ND.h"; sourceTree = "<group>"; };
		7D44488D1CA665470030933F /* NSTimer+ND.m */ = {isa = PBXFileReference; fileEncoding = 4; lastKnownFileType = sourcecode.c.objc; path = "NSTimer+ND.m"; sourceTree = "<group>"; };
		7D4449531CA67EA60030933F /* NDService.h */ = {isa = PBXFileReference; fileEncoding = 4; lastKnownFileType = sourcecode.c.h; path = NDService.h; sourceTree = "<group>"; };
		7D705FD61CA68427008CF0C5 /* NDFeatureSet.h */ = {isa = PBXFileReference; fileEncoding = 4; lastKnownFileType = sourcecode.c.h; path = NDFeatureSet.h; sourceTree = "<group>"; };
		7D705FD71CA68427008CF0C5 /* NDFeatureSet.m */ = {isa = PBXFileReference; fileEncoding = 4; lastKnownFileType = sourcecode.c.objc; path = NDFeatureSet.m; sourceTree = "<group>"; };
		7D705FDC1CA6886E008CF0C5 /* NDBaseRequest.h */ = {isa = PBXFileReference; fileEncoding = 4; lastKnownFileType = sourcecode.c.h; path = NDBaseRequest.h; sourceTree = "<group>"; };
		7D705FDD1CA6886E008CF0C5 /* NDBaseRequest.m */ = {isa = PBXFileReference; fileEncoding = 4; lastKnownFileType = sourcecode.c.objc; path = NDBaseRequest.m; sourceTree = "<group>"; };
		7D705FDF1CA696F2008CF0C5 /* NDService.m */ = {isa = PBXFileReference; fileEncoding = 4; lastKnownFileType = sourcecode.c.objc; path = NDService.m; sourceTree = "<group>"; };
/* End PBXFileReference section */

/* Begin PBXFrameworksBuildPhase section */
		7D4448451CA658D60030933F /* Frameworks */ = {
			isa = PBXFrameworksBuildPhase;
			buildActionMask = 2147483647;
			files = (
			);
			runOnlyForDeploymentPostprocessing = 0;
		};
/* End PBXFrameworksBuildPhase section */

/* Begin PBXGroup section */
		7D44483F1CA658D60030933F = {
			isa = PBXGroup;
			children = (
				7D44484A1CA658D60030933F /* ND_Service */,
				7D4448491CA658D60030933F /* Products */,
			);
			sourceTree = "<group>";
		};
		7D4448491CA658D60030933F /* Products */ = {
			isa = PBXGroup;
			children = (
				7D4448481CA658D60030933F /* libND_Service.a */,
			);
			name = Products;
			sourceTree = "<group>";
		};
		7D44484A1CA658D60030933F /* ND_Service */ = {
			isa = PBXGroup;
			children = (
				7D4448721CA665470030933F /* Include */,
				7D4448761CA665470030933F /* Src */,
			);
			path = ND_Service;
			sourceTree = "<group>";
		};
		7D4448721CA665470030933F /* Include */ = {
			isa = PBXGroup;
			children = (
				7D44493A1CA67E360030933F /* ServiceFactory */,
				7D4448731CA665470030933F /* Tool */,
			);
			path = Include;
			sourceTree = "<group>";
		};
		7D4448731CA665470030933F /* Tool */ = {
			isa = PBXGroup;
			children = (
				7D4448741CA665470030933F /* Model */,
			);
			path = Tool;
			sourceTree = "<group>";
		};
		7D4448741CA665470030933F /* Model */ = {
			isa = PBXGroup;
			children = (
				7D4448751CA665470030933F /* NDModel.h */,
			);
			path = Model;
			sourceTree = "<group>";
		};
		7D4448761CA665470030933F /* Src */ = {
			isa = PBXGroup;
			children = (
				7D4449421CA67E3E0030933F /* ServiceFactory */,
				7D4448771CA665470030933F /* Tool */,
			);
			path = Src;
			sourceTree = "<group>";
		};
		7D4448771CA665470030933F /* Tool */ = {
			isa = PBXGroup;
			children = (
				7D4448781CA665470030933F /* Model */,
				7D44487A1CA665470030933F /* Network */,
				7D44487B1CA665470030933F /* SystemCategory */,
			);
			path = Tool;
			sourceTree = "<group>";
		};
		7D4448781CA665470030933F /* Model */ = {
			isa = PBXGroup;
			children = (
				7D4448791CA665470030933F /* NDModel.m */,
			);
			path = Model;
			sourceTree = "<group>";
		};
		7D44487A1CA665470030933F /* Network */ = {
			isa = PBXGroup;
			children = (
				7D705FDC1CA6886E008CF0C5 /* NDBaseRequest.h */,
				7D705FDD1CA6886E008CF0C5 /* NDBaseRequest.m */,
			);
			path = Network;
			sourceTree = "<group>";
		};
		7D44487B1CA665470030933F /* SystemCategory */ = {
			isa = PBXGroup;
			children = (
				7D44487C1CA665470030933F /* NSArray+ND.h */,
				7D44487D1CA665470030933F /* NSArray+ND.m */,
				7D44487E1CA665470030933F /* NSData+ND.h */,
				7D44487F1CA665470030933F /* NSData+ND.m */,
				7D4448801CA665470030933F /* NSDate+ND.h */,
				7D4448811CA665470030933F /* NSDate+ND.m */,
				7D4448821CA665470030933F /* NSDictionary+ND.h */,
				7D4448831CA665470030933F /* NSDictionary+ND.m */,
				7D4448841CA665470030933F /* NSFileManager+ND.h */,
				7D4448851CA665470030933F /* NSFileManager+ND.m */,
				7D4448861CA665470030933F /* NSMutableArray+ND.h */,
				7D4448871CA665470030933F /* NSMutableArray+ND.m */,
				7D4448881CA665470030933F /* NSMutableDictionary+ND.h */,
				7D4448891CA665470030933F /* NSMutableDictionary+ND.m */,
				7D44488A1CA665470030933F /* NSString+ND.h */,
				7D44488B1CA665470030933F /* NSString+ND.m */,
				7D44488C1CA665470030933F /* NSTimer+ND.h */,
				7D44488D1CA665470030933F /* NSTimer+ND.m */,
			);
			path = SystemCategory;
			sourceTree = "<group>";
		};
		7D44493A1CA67E360030933F /* ServiceFactory */ = {
			isa = PBXGroup;
			children = (
				7D44493D1CA67E360030933F /* Service */,
			);
			path = ServiceFactory;
			sourceTree = "<group>";
		};
		7D44493D1CA67E360030933F /* Service */ = {
			isa = PBXGroup;
			children = (
				7D4449531CA67EA60030933F /* NDService.h */,
			);
			path = Service;
			sourceTree = "<group>";
		};
		7D4449421CA67E3E0030933F /* ServiceFactory */ = {
			isa = PBXGroup;
			children = (
				7D4449431CA67E3E0030933F /* FeatureSet */,
				7D4449481CA67E3E0030933F /* Service */,
			);
			path = ServiceFactory;
			sourceTree = "<group>";
		};
		7D4449431CA67E3E0030933F /* FeatureSet */ = {
			isa = PBXGroup;
			children = (
				7D705FD61CA68427008CF0C5 /* NDFeatureSet.h */,
				7D705FD71CA68427008CF0C5 /* NDFeatureSet.m */,
			);
			path = FeatureSet;
			sourceTree = "<group>";
		};
		7D4449481CA67E3E0030933F /* Service */ = {
			isa = PBXGroup;
			children = (
				7D705FDF1CA696F2008CF0C5 /* NDService.m */,
			);
			path = Service;
			sourceTree = "<group>";
		};
/* End PBXGroup section */

/* Begin PBXNativeTarget section */
		7D4448471CA658D60030933F /* ND_Service */ = {
			isa = PBXNativeTarget;
			buildConfigurationList = 7D4448511CA658D60030933F /* Build configuration list for PBXNativeTarget "ND_Service" */;
			buildPhases = (
				7D4448441CA658D60030933F /* Sources */,
				7D4448451CA658D60030933F /* Frameworks */,
				7D4448461CA658D60030933F /* CopyFiles */,
			);
			buildRules = (
			);
			dependencies = (
			);
			name = ND_Service;
			productName = ND_Service;
			productReference = 7D4448481CA658D60030933F /* libND_Service.a */;
			productType = "com.apple.product-type.library.static";
		};
/* End PBXNativeTarget section */

/* Begin PBXProject section */
		7D4448401CA658D60030933F /* Project object */ = {
			isa = PBXProject;
			attributes = {
				LastUpgradeCheck = 0730;
				ORGANIZATIONNAME = NDEducation;
				TargetAttributes = {
					7D4448471CA658D60030933F = {
						CreatedOnToolsVersion = 7.3;
					};
				};
			};
			buildConfigurationList = 7D4448431CA658D60030933F /* Build configuration list for PBXProject "ND_Service" */;
			compatibilityVersion = "Xcode 3.2";
			developmentRegion = English;
			hasScannedForEncodings = 0;
			knownRegions = (
				en,
			);
			mainGroup = 7D44483F1CA658D60030933F;
			productRefGroup = 7D4448491CA658D60030933F /* Products */;
			projectDirPath = "";
			projectRoot = "";
			targets = (
				7D4448471CA658D60030933F /* ND_Service */,
			);
		};
/* End PBXProject section */

/* Begin PBXSourcesBuildPhase section */
		7D4448441CA658D60030933F /* Sources */ = {
			isa = PBXSourcesBuildPhase;
			buildActionMask = 2147483647;
			files = (
				7D4448931CA665470030933F /* NSFileManager+ND.m in Sources */,
				7D4448961CA665470030933F /* NSString+ND.m in Sources */,
				7D705FD81CA68427008CF0C5 /* NDFeatureSet.m in Sources */,
				7D4448951CA665470030933F /* NSMutableDictionary+ND.m in Sources */,
				7D44488F1CA665470030933F /* NSArray+ND.m in Sources */,
				7D4448901CA665470030933F /* NSData+ND.m in Sources */,
				7D4448941CA665470030933F /* NSMutableArray+ND.m in Sources */,
				7D4448971CA665470030933F /* NSTimer+ND.m in Sources */,
				7D4448911CA665470030933F /* NSDate+ND.m in Sources */,
				7D705FDE1CA6886E008CF0C5 /* NDBaseRequest.m in Sources */,
				7D4448921CA665470030933F /* NSDictionary+ND.m in Sources */,
				7D705FE01CA696F2008CF0C5 /* NDService.m in Sources */,
				7D44488E1CA665470030933F /* NDModel.m in Sources */,
			);
			runOnlyForDeploymentPostprocessing = 0;
		};
/* End PBXSourcesBuildPhase section */

/* Begin XCBuildConfiguration section */
		7D44484F1CA658D60030933F /* Debug */ = {
			isa = XCBuildConfiguration;
			buildSettings = {
				ALWAYS_SEARCH_USER_PATHS = NO;
				CLANG_ANALYZER_NONNULL = YES;
				CLANG_CXX_LANGUAGE_STANDARD = "gnu++0x";
				CLANG_CXX_LIBRARY = "libc++";
				CLANG_ENABLE_MODULES = YES;
				CLANG_ENABLE_OBJC_ARC = YES;
				CLANG_WARN_BOOL_CONVERSION = YES;
				CLANG_WARN_CONSTANT_CONVERSION = YES;
				CLANG_WARN_DIRECT_OBJC_ISA_USAGE = YES_ERROR;
				CLANG_WARN_EMPTY_BODY = YES;
				CLANG_WARN_ENUM_CONVERSION = YES;
				CLANG_WARN_INT_CONVERSION = YES;
				CLANG_WARN_OBJC_ROOT_CLASS = YES_ERROR;
				CLANG_WARN_UNREACHABLE_CODE = YES;
				CLANG_WARN__DUPLICATE_METHOD_MATCH = YES;
				"CODE_SIGN_IDENTITY[sdk=iphoneos*]" = "iPhone Developer";
				COPY_PHASE_STRIP = NO;
				DEBUG_INFORMATION_FORMAT = dwarf;
				ENABLE_STRICT_OBJC_MSGSEND = YES;
				ENABLE_TESTABILITY = YES;
				GCC_C_LANGUAGE_STANDARD = gnu99;
				GCC_DYNAMIC_NO_PIC = NO;
				GCC_NO_COMMON_BLOCKS = YES;
				GCC_OPTIMIZATION_LEVEL = 0;
				GCC_PREPROCESSOR_DEFINITIONS = (
					"DEBUG=1",
					"$(inherited)",
				);
				GCC_WARN_64_TO_32_BIT_CONVERSION = YES;
				GCC_WARN_ABOUT_RETURN_TYPE = YES_ERROR;
				GCC_WARN_UNDECLARED_SELECTOR = YES;
				GCC_WARN_UNINITIALIZED_AUTOS = YES_AGGRESSIVE;
				GCC_WARN_UNUSED_FUNCTION = YES;
				GCC_WARN_UNUSED_VARIABLE = YES;
				IPHONEOS_DEPLOYMENT_TARGET = 9.3;
				MTL_ENABLE_DEBUG_INFO = YES;
				ONLY_ACTIVE_ARCH = YES;
				SDKROOT = iphoneos;
			};
			name = Debug;
		};
		7D4448501CA658D60030933F /* Release */ = {
			isa = XCBuildConfiguration;
			buildSettings = {
				ALWAYS_SEARCH_USER_PATHS = NO;
				CLANG_ANALYZER_NONNULL = YES;
				CLANG_CXX_LANGUAGE_STANDARD = "gnu++0x";
				CLANG_CXX_LIBRARY = "libc++";
				CLANG_ENABLE_MODULES = YES;
				CLANG_ENABLE_OBJC_ARC = YES;
				CLANG_WARN_BOOL_CONVERSION = YES;
				CLANG_WARN_CONSTANT_CONVERSION = YES;
				CLANG_WARN_DIRECT_OBJC_ISA_USAGE = YES_ERROR;
				CLANG_WARN_EMPTY_BODY = YES;
				CLANG_WARN_ENUM_CONVERSION = YES;
				CLANG_WARN_INT_CONVERSION = YES;
				CLANG_WARN_OBJC_ROOT_CLASS = YES_ERROR;
				CLANG_WARN_UNREACHABLE_CODE = YES;
				CLANG_WARN__DUPLICATE_METHOD_MATCH = YES;
				"CODE_SIGN_IDENTITY[sdk=iphoneos*]" = "iPhone Developer";
				COPY_PHASE_STRIP = NO;
				DEBUG_INFORMATION_FORMAT = "dwarf-with-dsym";
				ENABLE_NS_ASSERTIONS = NO;
				ENABLE_STRICT_OBJC_MSGSEND = YES;
				GCC_C_LANGUAGE_STANDARD = gnu99;
				GCC_NO_COMMON_BLOCKS = YES;
				GCC_WARN_64_TO_32_BIT_CONVERSION = YES;
				GCC_WARN_ABOUT_RETURN_TYPE = YES_ERROR;
				GCC_WARN_UNDECLARED_SELECTOR = YES;
				GCC_WARN_UNINITIALIZED_AUTOS = YES_AGGRESSIVE;
				GCC_WARN_UNUSED_FUNCTION = YES;
				GCC_WARN_UNUSED_VARIABLE = YES;
				IPHONEOS_DEPLOYMENT_TARGET = 9.3;
				MTL_ENABLE_DEBUG_INFO = NO;
				SDKROOT = iphoneos;
				VALIDATE_PRODUCT = YES;
			};
			name = Release;
		};
		7D4448521CA658D60030933F /* Debug */ = {
			isa = XCBuildConfiguration;
			buildSettings = {
				HEADER_SEARCH_PATHS = "../Pods/Headers/Public/**";
				OTHER_LDFLAGS = "-ObjC";
				PRODUCT_NAME = "$(TARGET_NAME)";
				SKIP_INSTALL = YES;
			};
			name = Debug;
		};
		7D4448531CA658D60030933F /* Release */ = {
			isa = XCBuildConfiguration;
			buildSettings = {
				HEADER_SEARCH_PATHS = "../Pods/Headers/Public/**";
				OTHER_LDFLAGS = "-ObjC";
				PRODUCT_NAME = "$(TARGET_NAME)";
				SKIP_INSTALL = YES;
			};
			name = Release;
		};
/* End XCBuildConfiguration section */

/* Begin XCConfigurationList section */
		7D4448431CA658D60030933F /* Build configuration list for PBXProject "ND_Service" */ = {
			isa = XCConfigurationList;
			buildConfigurations = (
				7D44484F1CA658D60030933F /* Debug */,
				7D4448501CA658D60030933F /* Release */,
			);
			defaultConfigurationIsVisible = 0;
			defaultConfigurationName = Release;
		};
		7D4448511CA658D60030933F /* Build configuration list for PBXNativeTarget "ND_Service" */ = {
			isa = XCConfigurationList;
			buildConfigurations = (
				7D4448521CA658D60030933F /* Debug */,
				7D4448531CA658D60030933F /* Release */,
			);
			defaultConfigurationIsVisible = 0;
			defaultConfigurationName = Release;
		};
/* End XCConfigurationList section */
	};
	rootObject = 7D4448401CA658D60030933F /* Project object */;
}
